
Microsoft Visual Studio Solution File, Format Version 12.00
# Visual Studio Version 17
VisualStudioVersion = 17.0.32112.339
MinimumVisualStudioVersion = 10.0.40219.1
Project("{8BC9CEB8-8B4A-11D0-8D11-00A0C91BC942}") = "Hello World!", "Hello World!.vcxproj", "{60641BCA-8840-4AFB-8058-8DA89F8CD2C7}"
EndProject
Global
	GlobalSection(SolutionConfigurationPlatforms) = preSolution
		Debug|x64 = Debug|x64
		Debug|x86 = Debug|x86
		Release|x64 = Release|x64
		Release|x86 = Release|x86
	EndGlobalSection
	GlobalSection(ProjectConfigurationPlatforms) = postSolution
		{60641BCA-8840-4AFB-8058-8DA89F8CD2C7}.Debug|x64.ActiveCfg = Debug|x64
		{60641BCA-8840-4AFB-8058-8DA89F8CD2C7}.Debug|x64.Build.0 = Debug|x64
		{60641BCA-8840-4AFB-8058-8DA89F8CD2C7}.Debug|x86.ActiveCfg = Debug|Win32
		{60641BCA-8840-4AFB-8058-8DA89F8CD2C7}.Debug|x86.Build.0 = Debug|Win32
		{60641BCA-8840-4AFB-8058-8DA89F8CD2C7}.Release|x64.ActiveCfg = Release|x64
		{60641BCA-8840-4AFB-8058-8DA89F8CD2C7}.Release|x64.Build.0 = Release|x64
		{60641BCA-8840-4AFB-8058-8DA89F8CD2C7}.Release|x86.ActiveCfg = Release|Win32
		{60641BCA-8840-4AFB-8058-8DA89F8CD2C7}.Release|x86.Build.0 = Release|Win32
	EndGlobalSection
	GlobalSection(SolutionProperties) = preSolution
		HideSolutionNode = FALSE
	EndGlobalSection
	GlobalSection(ExtensibilityGlobals) = postSolution
		SolutionGuid = {5061F2E8-A920-49B1-9976-1DB8F7F17C78}
	EndGlobalSection
EndGlobal
